
Microsoft Visual Studio Solution File, Format Version 12.00
# Visual Studio Version 17
VisualStudioVersion = 17.3.32929.385
MinimumVisualStudioVersion = 10.0.40219.1
Project("{FAE04EC0-301F-11D3-BF4B-00C04F79EFBC}") = "BookStores", "BookStores\BookStores.csproj", "{281769A0-0501-40F5-A887-EF0ECE28908E}"
EndProject
Global
	GlobalSection(SolutionConfigurationPlatforms) = preSolution
		Debug|Any CPU = Debug|Any CPU
		Release|Any CPU = Release|Any CPU
	EndGlobalSection
	GlobalSection(ProjectConfigurationPlatforms) = postSolution
		{281769A0-0501-40F5-A887-EF0ECE28908E}.Debug|Any CPU.ActiveCfg = Debug|Any CPU
		{281769A0-0501-40F5-A887-EF0ECE28908E}.Debug|Any CPU.Build.0 = Debug|Any CPU
		{281769A0-0501-40F5-A887-EF0ECE28908E}.Release|Any CPU.ActiveCfg = Release|Any CPU
		{281769A0-0501-40F5-A887-EF0ECE28908E}.Release|Any CPU.Build.0 = Release|Any CPU
	EndGlobalSection
	GlobalSection(SolutionProperties) = preSolution
		HideSolutionNode = FALSE
	EndGlobalSection
	GlobalSection(ExtensibilityGlobals) = postSolution
		SolutionGuid = {F9AF213D-1351-472E-A086-C750237A487B}
	EndGlobalSection
EndGlobal
